// !$*UTF8*$!
{
	archiveVersion = 1;
	classes = {
	};
	objectVersion = 50;
	objects = {

/* Begin PBXBuildFile section */
		006772822133DFD90062C438 /* AppDelegate.m in Sources */ = {isa = PBXBuildFile; fileRef = 006772812133DFD90062C438 /* AppDelegate.m */; };
		006772852133DFD90062C438 /* ViewController.m in Sources */ = {isa = PBXBuildFile; fileRef = 006772842133DFD90062C438 /* ViewController.m */; };
		006772882133DFD90062C438 /* Main.storyboard in Resources */ = {isa = PBXBuildFile; fileRef = 006772862133DFD90062C438 /* Main.storyboard */; };
		0067728A2133DFDA0062C438 /* Assets.xcassets in Resources */ = {isa = PBXBuildFile; fileRef = 006772892133DFDA0062C438 /* Assets.xcassets */; };
		0067728D2133DFDA0062C438 /* LaunchScreen.storyboard in Resources */ = {isa = PBXBuildFile; fileRef = 0067728B2133DFDA0062C438 /* LaunchScreen.storyboard */; };
		006772902133DFDA0062C438 /* main.m in Sources */ = {isa = PBXBuildFile; fileRef = 0067728F2133DFDA0062C438 /* main.m */; };
		0067729A2133DFDA0062C438 /* UmengSharePlugInDemoTests.m in Sources */ = {isa = PBXBuildFile; fileRef = 006772992133DFDA0062C438 /* UmengSharePlugInDemoTests.m */; };
		006772A52133DFDA0062C438 /* UmengSharePlugInDemoUITests.m in Sources */ = {isa = PBXBuildFile; fileRef = 006772A42133DFDA0062C438 /* UmengSharePlugInDemoUITests.m */; };
		006772B72133E05C0062C438 /* libc++.tbd in Frameworks */ = {isa = PBXBuildFile; fileRef = 006772B22133E05C0062C438 /* libc++.tbd */; };
		006772B82133E05C0062C438 /* libz.tbd in Frameworks */ = {isa = PBXBuildFile; fileRef = 006772B32133E05C0062C438 /* libz.tbd */; };
		006772B92133E05C0062C438 /* CoreTelephony.framework in Frameworks */ = {isa = PBXBuildFile; fileRef = 006772B42133E05C0062C438 /* CoreTelephony.framework */; };
		006772BA2133E05C0062C438 /* libsqlite3.tbd in Frameworks */ = {isa = PBXBuildFile; fileRef = 006772B52133E05C0062C438 /* libsqlite3.tbd */; };
		006772BB2133E05C0062C438 /* SystemConfiguration.framework in Frameworks */ = {isa = PBXBuildFile; fileRef = 006772B62133E05C0062C438 /* SystemConfiguration.framework */; };
		006772BF2133E0A80062C438 /* LFShareManager.m in Sources */ = {isa = PBXBuildFile; fileRef = 006772BE2133E0A80062C438 /* LFShareManager.m */; };
		006772C22133E0BD0062C438 /* LFShareLogInManager.m in Sources */ = {isa = PBXBuildFile; fileRef = 006772C12133E0BD0062C438 /* LFShareLogInManager.m */; };
		006772C62133E0D40062C438 /* LFShareModel.m in Sources */ = {isa = PBXBuildFile; fileRef = 006772C52133E0D40062C438 /* LFShareModel.m */; };
		006772E02133E4AC0062C438 /* LFShareKeyModel.m in Sources */ = {isa = PBXBuildFile; fileRef = 006772DF2133E4AC0062C438 /* LFShareKeyModel.m */; };
		92F6F6B0CCF1A90D556DED89 /* libPods-UmengSharePlugInDemoTests.a in Frameworks */ = {isa = PBXBuildFile; fileRef = C106FAF9C90EBB2C9DBB16A1 /* libPods-UmengSharePlugInDemoTests.a */; };
		D3B96FF2A3F1588DF4F4C054 /* libPods-UmengSharePlugInDemo.a in Frameworks */ = {isa = PBXBuildFile; fileRef = 058A3E11E9D2A4D43CF7D8A3 /* libPods-UmengSharePlugInDemo.a */; };
		F11D49D7E6B503B364D9DF0B /* libPods-UmengSharePlugInDemoUITests.a in Frameworks */ = {isa = PBXBuildFile; fileRef = 22F7840EF2DC818519DE158D /* libPods-UmengSharePlugInDemoUITests.a */; };
/* End PBXBuildFile section */

/* Begin PBXContainerItemProxy section */
		006772962133DFDA0062C438 /* PBXContainerItemProxy */ = {
			isa = PBXContainerItemProxy;
			containerPortal = 006772752133DFD90062C438 /* Project object */;
			proxyType = 1;
			remoteGlobalIDString = 0067727C2133DFD90062C438;
			remoteInfo = UmengSharePlugInDemo;
		};
		006772A12133DFDA0062C438 /* PBXContainerItemProxy */ = {
			isa = PBXContainerItemProxy;
			containerPortal = 006772752133DFD90062C438 /* Project object */;
			proxyType = 1;
			remoteGlobalIDString = 0067727C2133DFD90062C438;
			remoteInfo = UmengSharePlugInDemo;
		};
/* End PBXContainerItemProxy section */

/* Begin PBXFileReference section */
		0067727D2133DFD90062C438 /* UmengSharePlugInDemo.app */ = {isa = PBXFileReference; explicitFileType = wrapper.application; includeInIndex = 0; path = UmengSharePlugInDemo.app; sourceTree = BUILT_PRODUCTS_DIR; };
		006772802133DFD90062C438 /* AppDelegate.h */ = {isa = PBXFileReference; lastKnownFileType = sourcecode.c.h; path = AppDelegate.h; sourceTree = "<group>"; };
		006772812133DFD90062C438 /* AppDelegate.m */ = {isa = PBXFileReference; lastKnownFileType = sourcecode.c.objc; path = AppDelegate.m; sourceTree = "<group>"; };
		006772832133DFD90062C438 /* ViewController.h */ = {isa = PBXFileReference; lastKnownFileType = sourcecode.c.h; path = ViewController.h; sourceTree = "<group>"; };
		006772842133DFD90062C438 /* ViewController.m */ = {isa = PBXFileReference; lastKnownFileType = sourcecode.c.objc; path = ViewController.m; sourceTree = "<group>"; };
		006772872133DFD90062C438 /* Base */ = {isa = PBXFileReference; lastKnownFileType = file.storyboard; name = Base; path = Base.lproj/Main.storyboard; sourceTree = "<group>"; };
		006772892133DFDA0062C438 /* Assets.xcassets */ = {isa = PBXFileReference; lastKnownFileType = folder.assetcatalog; path = Assets.xcassets; sourceTree = "<group>"; };
		0067728C2133DFDA0062C438 /* Base */ = {isa = PBXFileReference; lastKnownFileType = file.storyboard; name = Base; path = Base.lproj/LaunchScreen.storyboard; sourceTree = "<group>"; };
		0067728E2133DFDA0062C438 /* Info.plist */ = {isa = PBXFileReference; lastKnownFileType = text.plist.xml; path = Info.plist; sourceTree = "<group>"; };
		0067728F2133DFDA0062C438 /* main.m */ = {isa = PBXFileReference; lastKnownFileType = sourcecode.c.objc; path = main.m; sourceTree = "<group>"; };
		006772952133DFDA0062C438 /* UmengSharePlugInDemoTests.xctest */ = {isa = PBXFileReference; explicitFileType = wrapper.cfbundle; includeInIndex = 0; path = UmengSharePlugInDemoTests.xctest; sourceTree = BUILT_PRODUCTS_DIR; };
		006772992133DFDA0062C438 /* UmengSharePlugInDemoTests.m */ = {isa = PBXFileReference; lastKnownFileType = sourcecode.c.objc; path = UmengSharePlugInDemoTests.m; sourceTree = "<group>"; };
		0067729B2133DFDA0062C438 /* Info.plist */ = {isa = PBXFileReference; lastKnownFileType = text.plist.xml; path = Info.plist; sourceTree = "<group>"; };
		006772A02133DFDA0062C438 /* UmengSharePlugInDemoUITests.xctest */ = {isa = PBXFileReference; explicitFileType = wrapper.cfbundle; includeInIndex = 0; path = UmengSharePlugInDemoUITests.xctest; sourceTree = BUILT_PRODUCTS_DIR; };
		006772A42133DFDA0062C438 /* UmengSharePlugInDemoUITests.m */ = {isa = PBXFileReference; lastKnownFileType = sourcecode.c.objc; path = UmengSharePlugInDemoUITests.m; sourceTree = "<group>"; };
		006772A62133DFDA0062C438 /* Info.plist */ = {isa = PBXFileReference; lastKnownFileType = text.plist.xml; path = Info.plist; sourceTree = "<group>"; };
		006772B22133E05C0062C438 /* libc++.tbd */ = {isa = PBXFileReference; lastKnownFileType = "sourcecode.text-based-dylib-definition"; name = "libc++.tbd"; path = "usr/lib/libc++.tbd"; sourceTree = SDKROOT; };
		006772B32133E05C0062C438 /* libz.tbd */ = {isa = PBXFileReference; lastKnownFileType = "sourcecode.text-based-dylib-definition"; name = libz.tbd; path = usr/lib/libz.tbd; sourceTree = SDKROOT; };
		006772B42133E05C0062C438 /* CoreTelephony.framework */ = {isa = PBXFileReference; lastKnownFileType = wrapper.framework; name = CoreTelephony.framework; path = System/Library/Frameworks/CoreTelephony.framework; sourceTree = SDKROOT; };
		006772B52133E05C0062C438 /* libsqlite3.tbd */ = {isa = PBXFileReference; lastKnownFileType = "sourcecode.text-based-dylib-definition"; name = libsqlite3.tbd; path = usr/lib/libsqlite3.tbd; sourceTree = SDKROOT; };
		006772B62133E05C0062C438 /* SystemConfiguration.framework */ = {isa = PBXFileReference; lastKnownFileType = wrapper.framework; name = SystemConfiguration.framework; path = System/Library/Frameworks/SystemConfiguration.framework; sourceTree = SDKROOT; };
		006772BD2133E0A80062C438 /* LFShareManager.h */ = {isa = PBXFileReference; lastKnownFileType = sourcecode.c.h; path = LFShareManager.h; sourceTree = "<group>"; };
		006772BE2133E0A80062C438 /* LFShareManager.m */ = {isa = PBXFileReference; lastKnownFileType = sourcecode.c.objc; path = LFShareManager.m; sourceTree = "<group>"; };
		006772C02133E0BD0062C438 /* LFShareLogInManager.h */ = {isa = PBXFileReference; lastKnownFileType = sourcecode.c.h; path = LFShareLogInManager.h; sourceTree = "<group>"; };
		006772C12133E0BD0062C438 /* LFShareLogInManager.m */ = {isa = PBXFileReference; lastKnownFileType = sourcecode.c.objc; path = LFShareLogInManager.m; sourceTree = "<group>"; };
		006772C42133E0D40062C438 /* LFShareModel.h */ = {isa = PBXFileReference; lastKnownFileType = sourcecode.c.h; path = LFShareModel.h; sourceTree = "<group>"; };
		006772C52133E0D40062C438 /* LFShareModel.m */ = {isa = PBXFileReference; lastKnownFileType = sourcecode.c.objc; path = LFShareModel.m; sourceTree = "<group>"; };
		006772DE2133E4AC0062C438 /* LFShareKeyModel.h */ = {isa = PBXFileReference; lastKnownFileType = sourcecode.c.h; path = LFShareKeyModel.h; sourceTree = "<group>"; };
		006772DF2133E4AC0062C438 /* LFShareKeyModel.m */ = {isa = PBXFileReference; lastKnownFileType = sourcecode.c.objc; path = LFShareKeyModel.m; sourceTree = "<group>"; };
		006772E12133E5D40062C438 /* LFShareConst.h */ = {isa = PBXFileReference; lastKnownFileType = sourcecode.c.h; path = LFShareConst.h; sourceTree = "<group>"; };
		058A3E11E9D2A4D43CF7D8A3 /* libPods-UmengSharePlugInDemo.a */ = {isa = PBXFileReference; explicitFileType = archive.ar; includeInIndex = 0; path = "libPods-UmengSharePlugInDemo.a"; sourceTree = BUILT_PRODUCTS_DIR; };
		22F7840EF2DC818519DE158D /* libPods-UmengSharePlugInDemoUITests.a */ = {isa = PBXFileReference; explicitFileType = archive.ar; includeInIndex = 0; path = "libPods-UmengSharePlugInDemoUITests.a"; sourceTree = BUILT_PRODUCTS_DIR; };
		25A26BDC1581CD405142F92A /* Pods-UmengSharePlugInDemoUITests.release.xcconfig */ = {isa = PBXFileReference; includeInIndex = 1; lastKnownFileType = text.xcconfig; name = "Pods-UmengSharePlugInDemoUITests.release.xcconfig"; path = "Pods/Target Support Files/Pods-UmengSharePlugInDemoUITests/Pods-UmengSharePlugInDemoUITests.release.xcconfig"; sourceTree = "<group>"; };
		32059918D7B20CB0F2578463 /* Pods-UmengSharePlugInDemoTests.debug.xcconfig */ = {isa = PBXFileReference; includeInIndex = 1; lastKnownFileType = text.xcconfig; name = "Pods-UmengSharePlugInDemoTests.debug.xcconfig"; path = "Pods/Target Support Files/Pods-UmengSharePlugInDemoTests/Pods-UmengSharePlugInDemoTests.debug.xcconfig"; sourceTree = "<group>"; };
		405A1FDD925875A3749B4743 /* Pods-UmengSharePlugInDemo.release.xcconfig */ = {isa = PBXFileReference; includeInIndex = 1; lastKnownFileType = text.xcconfig; name = "Pods-UmengSharePlugInDemo.release.xcconfig"; path = "Pods/Target Support Files/Pods-UmengSharePlugInDemo/Pods-UmengSharePlugInDemo.release.xcconfig"; sourceTree = "<group>"; };
		A71D3437249D5D89580BC069 /* Pods-UmengSharePlugInDemoUITests.debug.xcconfig */ = {isa = PBXFileReference; includeInIndex = 1; lastKnownFileType = text.xcconfig; name = "Pods-UmengSharePlugInDemoUITests.debug.xcconfig"; path = "Pods/Target Support Files/Pods-UmengSharePlugInDemoUITests/Pods-UmengSharePlugInDemoUITests.debug.xcconfig"; sourceTree = "<group>"; };
		C106FAF9C90EBB2C9DBB16A1 /* libPods-UmengSharePlugInDemoTests.a */ = {isa = PBXFileReference; explicitFileType = archive.ar; includeInIndex = 0; path = "libPods-UmengSharePlugInDemoTests.a"; sourceTree = BUILT_PRODUCTS_DIR; };
		DAB359825A5AFB16F8E48DDC /* Pods-UmengSharePlugInDemo.debug.xcconfig */ = {isa = PBXFileReference; includeInIndex = 1; lastKnownFileType = text.xcconfig; name = "Pods-UmengSharePlugInDemo.debug.xcconfig"; path = "Pods/Target Support Files/Pods-UmengSharePlugInDemo/Pods-UmengSharePlugInDemo.debug.xcconfig"; sourceTree = "<group>"; };
		FF4E2BC1409F835770A68C02 /* Pods-UmengSharePlugInDemoTests.release.xcconfig */ = {isa = PBXFileReference; includeInIndex = 1; lastKnownFileType = text.xcconfig; name = "Pods-UmengSharePlugInDemoTests.release.xcconfig"; path = "Pods/Target Support Files/Pods-UmengSharePlugInDemoTests/Pods-UmengSharePlugInDemoTests.release.xcconfig"; sourceTree = "<group>"; };
/* End PBXFileReference section */

/* Begin PBXFrameworksBuildPhase section */
		0067727A2133DFD90062C438 /* Frameworks */ = {
			isa = PBXFrameworksBuildPhase;
			buildActionMask = 2147483647;
			files = (
				006772B72133E05C0062C438 /* libc++.tbd in Frameworks */,
				006772B82133E05C0062C438 /* libz.tbd in Frameworks */,
				006772B92133E05C0062C438 /* CoreTelephony.framework in Frameworks */,
				006772BA2133E05C0062C438 /* libsqlite3.tbd in Frameworks */,
				006772BB2133E05C0062C438 /* SystemConfiguration.framework in Frameworks */,
				D3B96FF2A3F1588DF4F4C054 /* libPods-UmengSharePlugInDemo.a in Frameworks */,
			);
			runOnlyForDeploymentPostprocessing = 0;
		};
		006772922133DFDA0062C438 /* Frameworks */ = {
			isa = PBXFrameworksBuildPhase;
			buildActionMask = 2147483647;
			files = (
				92F6F6B0CCF1A90D556DED89 /* libPods-UmengSharePlugInDemoTests.a in Frameworks */,
			);
			runOnlyForDeploymentPostprocessing = 0;
		};
		0067729D2133DFDA0062C438 /* Frameworks */ = {
			isa = PBXFrameworksBuildPhase;
			buildActionMask = 2147483647;
			files = (
				F11D49D7E6B503B364D9DF0B /* libPods-UmengSharePlugInDemoUITests.a in Frameworks */,
			);
			runOnlyForDeploymentPostprocessing = 0;
		};
/* End PBXFrameworksBuildPhase section */

/* Begin PBXGroup section */
		006772742133DFD90062C438 = {
			isa = PBXGroup;
			children = (
				0067727F2133DFD90062C438 /* UmengSharePlugInDemo */,
				006772982133DFDA0062C438 /* UmengSharePlugInDemoTests */,
				006772A32133DFDA0062C438 /* UmengSharePlugInDemoUITests */,
				0067727E2133DFD90062C438 /* Products */,
				89FBE7862C2BBFD77F180BD8 /* Pods */,
				4E322F95CF41A425481915C8 /* Frameworks */,
			);
			sourceTree = "<group>";
		};
		0067727E2133DFD90062C438 /* Products */ = {
			isa = PBXGroup;
			children = (
				0067727D2133DFD90062C438 /* UmengSharePlugInDemo.app */,
				006772952133DFDA0062C438 /* UmengSharePlugInDemoTests.xctest */,
				006772A02133DFDA0062C438 /* UmengSharePlugInDemoUITests.xctest */,
			);
			name = Products;
			sourceTree = "<group>";
		};
		0067727F2133DFD90062C438 /* UmengSharePlugInDemo */ = {
			isa = PBXGroup;
			children = (
				006772BC2133E07E0062C438 /* UmengSharePlugIn */,
				006772802133DFD90062C438 /* AppDelegate.h */,
				006772812133DFD90062C438 /* AppDelegate.m */,
				006772832133DFD90062C438 /* ViewController.h */,
				006772842133DFD90062C438 /* ViewController.m */,
				006772862133DFD90062C438 /* Main.storyboard */,
				006772892133DFDA0062C438 /* Assets.xcassets */,
				0067728B2133DFDA0062C438 /* LaunchScreen.storyboard */,
				0067728E2133DFDA0062C438 /* Info.plist */,
				0067728F2133DFDA0062C438 /* main.m */,
			);
			path = UmengSharePlugInDemo;
			sourceTree = "<group>";
		};
		006772982133DFDA0062C438 /* UmengSharePlugInDemoTests */ = {
			isa = PBXGroup;
			children = (
				006772992133DFDA0062C438 /* UmengSharePlugInDemoTests.m */,
				0067729B2133DFDA0062C438 /* Info.plist */,
			);
			path = UmengSharePlugInDemoTests;
			sourceTree = "<group>";
		};
		006772A32133DFDA0062C438 /* UmengSharePlugInDemoUITests */ = {
			isa = PBXGroup;
			children = (
				006772A42133DFDA0062C438 /* UmengSharePlugInDemoUITests.m */,
				006772A62133DFDA0062C438 /* Info.plist */,
			);
			path = UmengSharePlugInDemoUITests;
			sourceTree = "<group>";
		};
		006772BC2133E07E0062C438 /* UmengSharePlugIn */ = {
			isa = PBXGroup;
			children = (
				006772C32133E0C50062C438 /* model */,
				006772BD2133E0A80062C438 /* LFShareManager.h */,
				006772BE2133E0A80062C438 /* LFShareManager.m */,
				006772C02133E0BD0062C438 /* LFShareLogInManager.h */,
				006772C12133E0BD0062C438 /* LFShareLogInManager.m */,
				006772E12133E5D40062C438 /* LFShareConst.h */,
			);
			path = UmengSharePlugIn;
			sourceTree = "<group>";
		};
		006772C32133E0C50062C438 /* model */ = {
			isa = PBXGroup;
			children = (
				006772C42133E0D40062C438 /* LFShareModel.h */,
				006772C52133E0D40062C438 /* LFShareModel.m */,
				006772DE2133E4AC0062C438 /* LFShareKeyModel.h */,
				006772DF2133E4AC0062C438 /* LFShareKeyModel.m */,
			);
			path = model;
			sourceTree = "<group>";
		};
		4E322F95CF41A425481915C8 /* Frameworks */ = {
			isa = PBXGroup;
			children = (
				006772B42133E05C0062C438 /* CoreTelephony.framework */,
				006772B22133E05C0062C438 /* libc++.tbd */,
				006772B52133E05C0062C438 /* libsqlite3.tbd */,
				006772B32133E05C0062C438 /* libz.tbd */,
				006772B62133E05C0062C438 /* SystemConfiguration.framework */,
				058A3E11E9D2A4D43CF7D8A3 /* libPods-UmengSharePlugInDemo.a */,
				C106FAF9C90EBB2C9DBB16A1 /* libPods-UmengSharePlugInDemoTests.a */,
				22F7840EF2DC818519DE158D /* libPods-UmengSharePlugInDemoUITests.a */,
			);
			name = Frameworks;
			sourceTree = "<group>";
		};
		89FBE7862C2BBFD77F180BD8 /* Pods */ = {
			isa = PBXGroup;
			children = (
				DAB359825A5AFB16F8E48DDC /* Pods-UmengSharePlugInDemo.debug.xcconfig */,
				405A1FDD925875A3749B4743 /* Pods-UmengSharePlugInDemo.release.xcconfig */,
				32059918D7B20CB0F2578463 /* Pods-UmengSharePlugInDemoTests.debug.xcconfig */,
				FF4E2BC1409F835770A68C02 /* Pods-UmengSharePlugInDemoTests.release.xcconfig */,
				A71D3437249D5D89580BC069 /* Pods-UmengSharePlugInDemoUITests.debug.xcconfig */,
				25A26BDC1581CD405142F92A /* Pods-UmengSharePlugInDemoUITests.release.xcconfig */,
			);
			name = Pods;
			sourceTree = "<group>";
		};
/* End PBXGroup section */

/* Begin PBXNativeTarget section */
		0067727C2133DFD90062C438 /* UmengSharePlugInDemo */ = {
			isa = PBXNativeTarget;
			buildConfigurationList = 006772A92133DFDA0062C438 /* Build configuration list for PBXNativeTarget "UmengSharePlugInDemo" */;
			buildPhases = (
				EAA697FB7F8D789FC0C03205 /* [CP] Check Pods Manifest.lock */,
				006772792133DFD90062C438 /* Sources */,
				0067727A2133DFD90062C438 /* Frameworks */,
				0067727B2133DFD90062C438 /* Resources */,
				10A948AEC118A6947677C3D7 /* [CP] Copy Pods Resources */,
				F65A3D2A9AEAFDE53111FA6E /* [CP] Embed Pods Frameworks */,
			);
			buildRules = (
			);
			dependencies = (
			);
			name = UmengSharePlugInDemo;
			productName = UmengSharePlugInDemo;
			productReference = 0067727D2133DFD90062C438 /* UmengSharePlugInDemo.app */;
			productType = "com.apple.product-type.application";
		};
		006772942133DFDA0062C438 /* UmengSharePlugInDemoTests */ = {
			isa = PBXNativeTarget;
			buildConfigurationList = 006772AC2133DFDA0062C438 /* Build configuration list for PBXNativeTarget "UmengSharePlugInDemoTests" */;
			buildPhases = (
				06D26173F05D11C717B857CC /* [CP] Check Pods Manifest.lock */,
				006772912133DFDA0062C438 /* Sources */,
				006772922133DFDA0062C438 /* Frameworks */,
				006772932133DFDA0062C438 /* Resources */,
			);
			buildRules = (
			);
			dependencies = (
				006772972133DFDA0062C438 /* PBXTargetDependency */,
			);
			name = UmengSharePlugInDemoTests;
			productName = UmengSharePlugInDemoTests;
			productReference = 006772952133DFDA0062C438 /* UmengSharePlugInDemoTests.xctest */;
			productType = "com.apple.product-type.bundle.unit-test";
		};
		0067729F2133DFDA0062C438 /* UmengSharePlugInDemoUITests */ = {
			isa = PBXNativeTarget;
			buildConfigurationList = 006772AF2133DFDA0062C438 /* Build configuration list for PBXNativeTarget "UmengSharePlugInDemoUITests" */;
			buildPhases = (
				6181F26591349FAFA6B8D0BD /* [CP] Check Pods Manifest.lock */,
				0067729C2133DFDA0062C438 /* Sources */,
				0067729D2133DFDA0062C438 /* Frameworks */,
				0067729E2133DFDA0062C438 /* Resources */,
			);
			buildRules = (
			);
			dependencies = (
				006772A22133DFDA0062C438 /* PBXTargetDependency */,
			);
			name = UmengSharePlugInDemoUITests;
			productName = UmengSharePlugInDemoUITests;
			productReference = 006772A02133DFDA0062C438 /* UmengSharePlugInDemoUITests.xctest */;
			productType = "com.apple.product-type.bundle.ui-testing";
		};
/* End PBXNativeTarget section */

/* Begin PBXProject section */
		006772752133DFD90062C438 /* Project object */ = {
			isa = PBXProject;
			attributes = {
				LastUpgradeCheck = 0930;
				ORGANIZATIONNAME = "Xiao Xiao";
				TargetAttributes = {
					0067727C2133DFD90062C438 = {
						CreatedOnToolsVersion = 9.3.1;
					};
					006772942133DFDA0062C438 = {
						CreatedOnToolsVersion = 9.3.1;
						TestTargetID = 0067727C2133DFD90062C438;
					};
					0067729F2133DFDA0062C438 = {
						CreatedOnToolsVersion = 9.3.1;
						TestTargetID = 0067727C2133DFD90062C438;
					};
				};
			};
			buildConfigurationList = 006772782133DFD90062C438 /* Build configuration list for PBXProject "UmengSharePlugInDemo" */;
			compatibilityVersion = "Xcode 9.3";
			developmentRegion = en;
			hasScannedForEncodings = 0;
			knownRegions = (
				en,
				Base,
			);
			mainGroup = 006772742133DFD90062C438;
			productRefGroup = 0067727E2133DFD90062C438 /* Products */;
			projectDirPath = "";
			projectRoot = "";
			targets = (
				0067727C2133DFD90062C438 /* UmengSharePlugInDemo */,
				006772942133DFDA0062C438 /* UmengSharePlugInDemoTests */,
				0067729F2133DFDA0062C438 /* UmengSharePlugInDemoUITests */,
			);
		};
/* End PBXProject section */

/* Begin PBXResourcesBuildPhase section */
		0067727B2133DFD90062C438 /* Resources */ = {
			isa = PBXResourcesBuildPhase;
			buildActionMask = 2147483647;
			files = (
				0067728D2133DFDA0062C438 /* LaunchScreen.storyboard in Resources */,
				0067728A2133DFDA0062C438 /* Assets.xcassets in Resources */,
				006772882133DFD90062C438 /* Main.storyboard in Resources */,
			);
			runOnlyForDeploymentPostprocessing = 0;
		};
		006772932133DFDA0062C438 /* Resources */ = {
			isa = PBXResourcesBuildPhase;
			buildActionMask = 2147483647;
			files = (
			);
			runOnlyForDeploymentPostprocessing = 0;
		};
		0067729E2133DFDA0062C438 /* Resources */ = {
			isa = PBXResourcesBuildPhase;
			buildActionMask = 2147483647;
			files = (
			);
			runOnlyForDeploymentPostprocessing = 0;
		};
/* End PBXResourcesBuildPhase section */

/* Begin PBXShellScriptBuildPhase section */
		06D26173F05D11C717B857CC /* [CP] Check Pods Manifest.lock */ = {
			isa = PBXShellScriptBuildPhase;
			buildActionMask = 2147483647;
			files = (
			);
			inputPaths = (
				"${PODS_PODFILE_DIR_PATH}/Podfile.lock",
				"${PODS_ROOT}/Manifest.lock",
			);
			name = "[CP] Check Pods Manifest.lock";
			outputPaths = (
				"$(DERIVED_FILE_DIR)/Pods-UmengSharePlugInDemoTests-checkManifestLockResult.txt",
			);
			runOnlyForDeploymentPostprocessing = 0;
			shellPath = /bin/sh;
			shellScript = "diff \"${PODS_PODFILE_DIR_PATH}/Podfile.lock\" \"${PODS_ROOT}/Manifest.lock\" > /dev/null\nif [ $? != 0 ] ; then\n    # print error to STDERR\n    echo \"error: The sandbox is not in sync with the Podfile.lock. Run 'pod install' or update your CocoaPods installation.\" >&2\n    exit 1\nfi\n# This output is used by Xcode 'outputs' to avoid re-running this script phase.\necho \"SUCCESS\" > \"${SCRIPT_OUTPUT_FILE_0}\"\n";
			showEnvVarsInLog = 0;
		};
		10A948AEC118A6947677C3D7 /* [CP] Copy Pods Resources */ = {
			isa = PBXShellScriptBuildPhase;
			buildActionMask = 2147483647;
			files = (
			);
			inputPaths = (
				"${SRCROOT}/Pods/Target Support Files/Pods-UmengSharePlugInDemo/Pods-UmengSharePlugInDemo-resources.sh",
				"${PODS_ROOT}/UMengUShare/UShareSDK/UMSocialSDK/UMSocialSDKPromptResources.bundle",
				"${PODS_ROOT}/UMengUShare/UShareSDK/SocialLibraries/QQ/QQSDK/TencentOpenApi_IOS_Bundle.bundle",
				"${PODS_ROOT}/UMengUShare/UShareSDK/SocialLibraries/Sina/SinaSDK/WeiboSDK.bundle",
				"${PODS_ROOT}/UMengUShare/UShareSDK/UMSocialUI/UMSocialSDKResources.bundle",
			);
			name = "[CP] Copy Pods Resources";
			outputPaths = (
				"${TARGET_BUILD_DIR}/${UNLOCALIZED_RESOURCES_FOLDER_PATH}/UMSocialSDKPromptResources.bundle",
				"${TARGET_BUILD_DIR}/${UNLOCALIZED_RESOURCES_FOLDER_PATH}/TencentOpenApi_IOS_Bundle.bundle",
				"${TARGET_BUILD_DIR}/${UNLOCALIZED_RESOURCES_FOLDER_PATH}/WeiboSDK.bundle",
				"${TARGET_BUILD_DIR}/${UNLOCALIZED_RESOURCES_FOLDER_PATH}/UMSocialSDKResources.bundle",
			);
			runOnlyForDeploymentPostprocessing = 0;
			shellPath = /bin/sh;
			shellScript = "\"${SRCROOT}/Pods/Target Support Files/Pods-UmengSharePlugInDemo/Pods-UmengSharePlugInDemo-resources.sh\"\n";
			showEnvVarsInLog = 0;
		};
		6181F26591349FAFA6B8D0BD /* [CP] Check Pods Manifest.lock */ = {
			isa = PBXShellScriptBuildPhase;
			buildActionMask = 2147483647;
			files = (
			);
			inputPaths = (
				"${PODS_PODFILE_DIR_PATH}/Podfile.lock",
				"${PODS_ROOT}/Manifest.lock",
			);
			name = "[CP] Check Pods Manifest.lock";
			outputPaths = (
				"$(DERIVED_FILE_DIR)/Pods-UmengSharePlugInDemoUITests-checkManifestLockResult.txt",
			);
			runOnlyForDeploymentPostprocessing = 0;
			shellPath = /bin/sh;
			shellScript = "diff \"${PODS_PODFILE_DIR_PATH}/Podfile.lock\" \"${PODS_ROOT}/Manifest.lock\" > /dev/null\nif [ $? != 0 ] ; then\n    # print error to STDERR\n    echo \"error: The sandbox is not in sync with the Podfile.lock. Run 'pod install' or update your CocoaPods installation.\" >&2\n    exit 1\nfi\n# This output is used by Xcode 'outputs' to avoid re-running this script phase.\necho \"SUCCESS\" > \"${SCRIPT_OUTPUT_FILE_0}\"\n";
			showEnvVarsInLog = 0;
		};
		EAA697FB7F8D789FC0C03205 /* [CP] Check Pods Manifest.lock */ = {
			isa = PBXShellScriptBuildPhase;
			buildActionMask = 2147483647;
			files = (
			);
			inputPaths = (
				"${PODS_PODFILE_DIR_PATH}/Podfile.lock",
				"${PODS_ROOT}/Manifest.lock",
			);
			name = "[CP] Check Pods Manifest.lock";
			outputPaths = (
				"$(DERIVED_FILE_DIR)/Pods-UmengSharePlugInDemo-checkManifestLockResult.txt",
			);
			runOnlyForDeploymentPostprocessing = 0;
			shellPath = /bin/sh;
			shellScript = "diff \"${PODS_PODFILE_DIR_PATH}/Podfile.lock\" \"${PODS_ROOT}/Manifest.lock\" > /dev/null\nif [ $? != 0 ] ; then\n    # print error to STDERR\n    echo \"error: The sandbox is not in sync with the Podfile.lock. Run 'pod install' or update your CocoaPods installation.\" >&2\n    exit 1\nfi\n# This output is used by Xcode 'outputs' to avoid re-running this script phase.\necho \"SUCCESS\" > \"${SCRIPT_OUTPUT_FILE_0}\"\n";
			showEnvVarsInLog = 0;
		};
		F65A3D2A9AEAFDE53111FA6E /* [CP] Embed Pods Frameworks */ = {
			isa = PBXShellScriptBuildPhase;
			buildActionMask = 2147483647;
			files = (
			);
			inputPaths = (
				"${SRCROOT}/Pods/Target Support Files/Pods-UmengSharePlugInDemo/Pods-UmengSharePlugInDemo-frameworks.sh",
				"${PODS_ROOT}/Reveal-SDK/RevealServer-6/iOS/RevealServer.framework",
			);
			name = "[CP] Embed Pods Frameworks";
			outputPaths = (
				"${TARGET_BUILD_DIR}/${FRAMEWORKS_FOLDER_PATH}/RevealServer.framework",
			);
			runOnlyForDeploymentPostprocessing = 0;
			shellPath = /bin/sh;
			shellScript = "\"${SRCROOT}/Pods/Target Support Files/Pods-UmengSharePlugInDemo/Pods-UmengSharePlugInDemo-frameworks.sh\"\n";
			showEnvVarsInLog = 0;
		};
/* End PBXShellScriptBuildPhase section */

/* Begin PBXSourcesBuildPhase section */
		006772792133DFD90062C438 /* Sources */ = {
			isa = PBXSourcesBuildPhase;
			buildActionMask = 2147483647;
			files = (
				006772C22133E0BD0062C438 /* LFShareLogInManager.m in Sources */,
				006772852133DFD90062C438 /* ViewController.m in Sources */,
				006772902133DFDA0062C438 /* main.m in Sources */,
				006772C62133E0D40062C438 /* LFShareModel.m in Sources */,
				006772822133DFD90062C438 /* AppDelegate.m in Sources */,
				006772E02133E4AC0062C438 /* LFShareKeyModel.m in Sources */,
				006772BF2133E0A80062C438 /* LFShareManager.m in Sources */,
			);
			runOnlyForDeploymentPostprocessing = 0;
		};
		006772912133DFDA0062C438 /* Sources */ = {
			isa = PBXSourcesBuildPhase;
			buildActionMask = 2147483647;
			files = (
				0067729A2133DFDA0062C438 /* UmengSharePlugInDemoTests.m in Sources */,
			);
			runOnlyForDeploymentPostprocessing = 0;
		};
		0067729C2133DFDA0062C438 /* Sources */ = {
			isa = PBXSourcesBuildPhase;
			buildActionMask = 2147483647;
			files = (
				006772A52133DFDA0062C438 /* UmengSharePlugInDemoUITests.m in Sources */,
			);
			runOnlyForDeploymentPostprocessing = 0;
		};
/* End PBXSourcesBuildPhase section */

/* Begin PBXTargetDependency section */
		006772972133DFDA0062C438 /* PBXTargetDependency */ = {
			isa = PBXTargetDependency;
			target = 0067727C2133DFD90062C438 /* UmengSharePlugInDemo */;
			targetProxy = 006772962133DFDA0062C438 /* PBXContainerItemProxy */;
		};
		006772A22133DFDA0062C438 /* PBXTargetDependency */ = {
			isa = PBXTargetDependency;
			target = 0067727C2133DFD90062C438 /* UmengSharePlugInDemo */;
			targetProxy = 006772A12133DFDA0062C438 /* PBXContainerItemProxy */;
		};
/* End PBXTargetDependency section */

/* Begin PBXVariantGroup section */
		006772862133DFD90062C438 /* Main.storyboard */ = {
			isa = PBXVariantGroup;
			children = (
				006772872133DFD90062C438 /* Base */,
			);
			name = Main.storyboard;
			sourceTree = "<group>";
		};
		0067728B2133DFDA0062C438 /* LaunchScreen.storyboard */ = {
			isa = PBXVariantGroup;
			children = (
				0067728C2133DFDA0062C438 /* Base */,
			);
			name = LaunchScreen.storyboard;
			sourceTree = "<group>";
		};
/* End PBXVariantGroup section */

/* Begin XCBuildConfiguration section */
		006772A72133DFDA0062C438 /* Debug */ = {
			isa = XCBuildConfiguration;
			buildSettings = {
				ALWAYS_SEARCH_USER_PATHS = NO;
				CLANG_ANALYZER_NONNULL = YES;
				CLANG_ANALYZER_NUMBER_OBJECT_CONVERSION = YES_AGGRESSIVE;
				CLANG_CXX_LANGUAGE_STANDARD = "gnu++14";
				CLANG_CXX_LIBRARY = "libc++";
				CLANG_ENABLE_MODULES = YES;
				CLANG_ENABLE_OBJC_ARC = YES;
				CLANG_ENABLE_OBJC_WEAK = YES;
				CLANG_WARN_BLOCK_CAPTURE_AUTORELEASING = YES;
				CLANG_WARN_BOOL_CONVERSION = YES;
				CLANG_WARN_COMMA = YES;
				CLANG_WARN_CONSTANT_CONVERSION = YES;
				CLANG_WARN_DEPRECATED_OBJC_IMPLEMENTATIONS = YES;
				CLANG_WARN_DIRECT_OBJC_ISA_USAGE = YES_ERROR;
				CLANG_WARN_DOCUMENTATION_COMMENTS = YES;
				CLANG_WARN_EMPTY_BODY = YES;
				CLANG_WARN_ENUM_CONVERSION = YES;
				CLANG_WARN_INFINITE_RECURSION = YES;
				CLANG_WARN_INT_CONVERSION = YES;
				CLANG_WARN_NON_LITERAL_NULL_CONVERSION = YES;
				CLANG_WARN_OBJC_IMPLICIT_RETAIN_SELF = YES;
				CLANG_WARN_OBJC_LITERAL_CONVERSION = YES;
				CLANG_WARN_OBJC_ROOT_CLASS = YES_ERROR;
				CLANG_WARN_RANGE_LOOP_ANALYSIS = YES;
				CLANG_WARN_STRICT_PROTOTYPES = YES;
				CLANG_WARN_SUSPICIOUS_MOVE = YES;
				CLANG_WARN_UNGUARDED_AVAILABILITY = YES_AGGRESSIVE;
				CLANG_WARN_UNREACHABLE_CODE = YES;
				CLANG_WARN__DUPLICATE_METHOD_MATCH = YES;
				CODE_SIGN_IDENTITY = "iPhone Developer";
				COPY_PHASE_STRIP = NO;
				DEBUG_INFORMATION_FORMAT = dwarf;
				ENABLE_STRICT_OBJC_MSGSEND = YES;
				ENABLE_TESTABILITY = YES;
				GCC_C_LANGUAGE_STANDARD = gnu11;
				GCC_DYNAMIC_NO_PIC = NO;
				GCC_NO_COMMON_BLOCKS = YES;
				GCC_OPTIMIZATION_LEVEL = 0;
				GCC_PREPROCESSOR_DEFINITIONS = (
					"DEBUG=1",
					"$(inherited)",
				);
				GCC_WARN_64_TO_32_BIT_CONVERSION = YES;
				GCC_WARN_ABOUT_RETURN_TYPE = YES_ERROR;
				GCC_WARN_UNDECLARED_SELECTOR = YES;
				GCC_WARN_UNINITIALIZED_AUTOS = YES_AGGRESSIVE;
				GCC_WARN_UNUSED_FUNCTION = YES;
				GCC_WARN_UNUSED_VARIABLE = YES;
				IPHONEOS_DEPLOYMENT_TARGET = 11.3;
				MTL_ENABLE_DEBUG_INFO = YES;
				ONLY_ACTIVE_ARCH = YES;
				SDKROOT = iphoneos;
			};
			name = Debug;
		};
		006772A82133DFDA0062C438 /* Release */ = {
			isa = XCBuildConfiguration;
			buildSettings = {
				ALWAYS_SEARCH_USER_PATHS = NO;
				CLANG_ANALYZER_NONNULL = YES;
				CLANG_ANALYZER_NUMBER_OBJECT_CONVERSION = YES_AGGRESSIVE;
				CLANG_CXX_LANGUAGE_STANDARD = "gnu++14";
				CLANG_CXX_LIBRARY = "libc++";
				CLANG_ENABLE_MODULES = YES;
				CLANG_ENABLE_OBJC_ARC = YES;
				CLANG_ENABLE_OBJC_WEAK = YES;
				CLANG_WARN_BLOCK_CAPTURE_AUTORELEASING = YES;
				CLANG_WARN_BOOL_CONVERSION = YES;
				CLANG_WARN_COMMA = YES;
				CLANG_WARN_CONSTANT_CONVERSION = YES;
				CLANG_WARN_DEPRECATED_OBJC_IMPLEMENTATIONS = YES;
				CLANG_WARN_DIRECT_OBJC_ISA_USAGE = YES_ERROR;
				CLANG_WARN_DOCUMENTATION_COMMENTS = YES;
				CLANG_WARN_EMPTY_BODY = YES;
				CLANG_WARN_ENUM_CONVERSION = YES;
				CLANG_WARN_INFINITE_RECURSION = YES;
				CLANG_WARN_INT_CONVERSION = YES;
				CLANG_WARN_NON_LITERAL_NULL_CONVERSION = YES;
				CLANG_WARN_OBJC_IMPLICIT_RETAIN_SELF = YES;
				CLANG_WARN_OBJC_LITERAL_CONVERSION = YES;
				CLANG_WARN_OBJC_ROOT_CLASS = YES_ERROR;
				CLANG_WARN_RANGE_LOOP_ANALYSIS = YES;
				CLANG_WARN_STRICT_PROTOTYPES = YES;
				CLANG_WARN_SUSPICIOUS_MOVE = YES;
				CLANG_WARN_UNGUARDED_AVAILABILITY = YES_AGGRESSIVE;
				CLANG_WARN_UNREACHABLE_CODE = YES;
				CLANG_WARN__DUPLICATE_METHOD_MATCH = YES;
				CODE_SIGN_IDENTITY = "iPhone Developer";
				COPY_PHASE_STRIP = NO;
				DEBUG_INFORMATION_FORMAT = "dwarf-with-dsym";
				ENABLE_NS_ASSERTIONS = NO;
				ENABLE_STRICT_OBJC_MSGSEND = YES;
				GCC_C_LANGUAGE_STANDARD = gnu11;
				GCC_NO_COMMON_BLOCKS = YES;
				GCC_WARN_64_TO_32_BIT_CONVERSION = YES;
				GCC_WARN_ABOUT_RETURN_TYPE = YES_ERROR;
				GCC_WARN_UNDECLARED_SELECTOR = YES;
				GCC_WARN_UNINITIALIZED_AUTOS = YES_AGGRESSIVE;
				GCC_WARN_UNUSED_FUNCTION = YES;
				GCC_WARN_UNUSED_VARIABLE = YES;
				IPHONEOS_DEPLOYMENT_TARGET = 11.3;
				MTL_ENABLE_DEBUG_INFO = NO;
				SDKROOT = iphoneos;
				VALIDATE_PRODUCT = YES;
			};
			name = Release;
		};
		006772AA2133DFDA0062C438 /* Debug */ = {
			isa = XCBuildConfiguration;
			baseConfigurationReference = DAB359825A5AFB16F8E48DDC /* Pods-UmengSharePlugInDemo.debug.xcconfig */;
			buildSettings = {
				ASSETCATALOG_COMPILER_APPICON_NAME = AppIcon;
				CODE_SIGN_STYLE = Automatic;
				DEVELOPMENT_TEAM = G92V3TDEL2;
				INFOPLIST_FILE = UmengSharePlugInDemo/Info.plist;
				LD_RUNPATH_SEARCH_PATHS = (
					"$(inherited)",
					"@executable_path/Frameworks",
				);
				PRODUCT_BUNDLE_IDENTIFIER = xx.gfzj.openshare;
				PRODUCT_NAME = "$(TARGET_NAME)";
				TARGETED_DEVICE_FAMILY = "1,2";
			};
			name = Debug;
		};
		006772AB2133DFDA0062C438 /* Release */ = {
			isa = XCBuildConfiguration;
			baseConfigurationReference = 405A1FDD925875A3749B4743 /* Pods-UmengSharePlugInDemo.release.xcconfig */;
			buildSettings = {
				ASSETCATALOG_COMPILER_APPICON_NAME = AppIcon;
				CODE_SIGN_STYLE = Automatic;
				DEVELOPMENT_TEAM = G92V3TDEL2;
				INFOPLIST_FILE = UmengSharePlugInDemo/Info.plist;
				LD_RUNPATH_SEARCH_PATHS = (
					"$(inherited)",
					"@executable_path/Frameworks",
				);
				PRODUCT_BUNDLE_IDENTIFIER = xx.gfzj.openshare;
				PRODUCT_NAME = "$(TARGET_NAME)";
				TARGETED_DEVICE_FAMILY = "1,2";
			};
			name = Release;
		};
		006772AD2133DFDA0062C438 /* Debug */ = {
			isa = XCBuildConfiguration;
			baseConfigurationReference = 32059918D7B20CB0F2578463 /* Pods-UmengSharePlugInDemoTests.debug.xcconfig */;
			buildSettings = {
				BUNDLE_LOADER = "$(TEST_HOST)";
				CODE_SIGN_STYLE = Automatic;
				INFOPLIST_FILE = UmengSharePlugInDemoTests/Info.plist;
				LD_RUNPATH_SEARCH_PATHS = (
					"$(inherited)",
					"@executable_path/Frameworks",
					"@loader_path/Frameworks",
				);
				PRODUCT_BUNDLE_IDENTIFIER = xx.UmengSharePlugInDemoTests;
				PRODUCT_NAME = "$(TARGET_NAME)";
				TARGETED_DEVICE_FAMILY = "1,2";
				TEST_HOST = "$(BUILT_PRODUCTS_DIR)/UmengSharePlugInDemo.app/UmengSharePlugInDemo";
			};
			name = Debug;
		};
		006772AE2133DFDA0062C438 /* Release */ = {
			isa = XCBuildConfiguration;
			baseConfigurationReference = FF4E2BC1409F835770A68C02 /* Pods-UmengSharePlugInDemoTests.release.xcconfig */;
			buildSettings = {
				BUNDLE_LOADER = "$(TEST_HOST)";
				CODE_SIGN_STYLE = Automatic;
				INFOPLIST_FILE = UmengSharePlugInDemoTests/Info.plist;
				LD_RUNPATH_SEARCH_PATHS = (
					"$(inherited)",
					"@executable_path/Frameworks",
					"@loader_path/Frameworks",
				);
				PRODUCT_BUNDLE_IDENTIFIER = xx.UmengSharePlugInDemoTests;
				PRODUCT_NAME = "$(TARGET_NAME)";
				TARGETED_DEVICE_FAMILY = "1,2";
				TEST_HOST = "$(BUILT_PRODUCTS_DIR)/UmengSharePlugInDemo.app/UmengSharePlugInDemo";
			};
			name = Release;
		};
		006772B02133DFDA0062C438 /* Debug */ = {
			isa = XCBuildConfiguration;
			baseConfigurationReference = A71D3437249D5D89580BC069 /* Pods-UmengSharePlugInDemoUITests.debug.xcconfig */;
			buildSettings = {
				CODE_SIGN_STYLE = Automatic;
				INFOPLIST_FILE = UmengSharePlugInDemoUITests/Info.plist;
				LD_RUNPATH_SEARCH_PATHS = (
					"$(inherited)",
					"@executable_path/Frameworks",
					"@loader_path/Frameworks",
				);
				PRODUCT_BUNDLE_IDENTIFIER = xx.UmengSharePlugInDemoUITests;
				PRODUCT_NAME = "$(TARGET_NAME)";
				TARGETED_DEVICE_FAMILY = "1,2";
				TEST_TARGET_NAME = UmengSharePlugInDemo;
			};
			name = Debug;
		};
		006772B12133DFDA0062C438 /* Release */ = {
			isa = XCBuildConfiguration;
			baseConfigurationReference = 25A26BDC1581CD405142F92A /* Pods-UmengSharePlugInDemoUITests.release.xcconfig */;
			buildSettings = {
				CODE_SIGN_STYLE = Automatic;
				INFOPLIST_FILE = UmengSharePlugInDemoUITests/Info.plist;
				LD_RUNPATH_SEARCH_PATHS = (
					"$(inherited)",
					"@executable_path/Frameworks",
					"@loader_path/Frameworks",
				);
				PRODUCT_BUNDLE_IDENTIFIER = xx.UmengSharePlugInDemoUITests;
				PRODUCT_NAME = "$(TARGET_NAME)";
				TARGETED_DEVICE_FAMILY = "1,2";
				TEST_TARGET_NAME = UmengSharePlugInDemo;
			};
			name = Release;
		};
/* End XCBuildConfiguration section */

/* Begin XCConfigurationList section */
		006772782133DFD90062C438 /* Build configuration list for PBXProject "UmengSharePlugInDemo" */ = {
			isa = XCConfigurationList;
			buildConfigurations = (
				006772A72133DFDA0062C438 /* Debug */,
				006772A82133DFDA0062C438 /* Release */,
			);
			defaultConfigurationIsVisible = 0;
			defaultConfigurationName = Release;
		};
		006772A92133DFDA0062C438 /* Build configuration list for PBXNativeTarget "UmengSharePlugInDemo" */ = {
			isa = XCConfigurationList;
			buildConfigurations = (
				006772AA2133DFDA0062C438 /* Debug */,
				006772AB2133DFDA0062C438 /* Release */,
			);
			defaultConfigurationIsVisible = 0;
			defaultConfigurationName = Release;
		};
		006772AC2133DFDA0062C438 /* Build configuration list for PBXNativeTarget "UmengSharePlugInDemoTests" */ = {
			isa = XCConfigurationList;
			buildConfigurations = (
				006772AD2133DFDA0062C438 /* Debug */,
				006772AE2133DFDA0062C438 /* Release */,
			);
			defaultConfigurationIsVisible = 0;
			defaultConfigurationName = Release;
		};
		006772AF2133DFDA0062C438 /* Build configuration list for PBXNativeTarget "UmengSharePlugInDemoUITests" */ = {
			isa = XCConfigurationList;
			buildConfigurations = (
				006772B02133DFDA0062C438 /* Debug */,
				006772B12133DFDA0062C438 /* Release */,
			);
			defaultConfigurationIsVisible = 0;
			defaultConfigurationName = Release;
		};
/* End XCConfigurationList section */
	};
	rootObject = 006772752133DFD90062C438 /* Project object */;
}
